// !$*UTF8*$!
{
	archiveVersion = 1;
	classes = {
	};
	objectVersion = 56;
	objects = {

/* Begin PBXBuildFile section */
		24719F2E28771BC500AA24D1 /* AppDelegate.swift in Sources */ = {isa = PBXBuildFile; fileRef = 24719F2D28771BC500AA24D1 /* AppDelegate.swift */; };
		24719F3028771BC500AA24D1 /* SceneDelegate.swift in Sources */ = {isa = PBXBuildFile; fileRef = 24719F2F28771BC500AA24D1 /* SceneDelegate.swift */; };
		24719F3228771BC500AA24D1 /* ViewController.swift in Sources */ = {isa = PBXBuildFile; fileRef = 24719F3128771BC500AA24D1 /* ViewController.swift */; };
		24719F3528771BC500AA24D1 /* Main.storyboard in Resources */ = {isa = PBXBuildFile; fileRef = 24719F3328771BC500AA24D1 /* Main.storyboard */; };
		24719F3728771BC700AA24D1 /* Assets.xcassets in Resources */ = {isa = PBXBuildFile; fileRef = 24719F3628771BC700AA24D1 /* Assets.xcassets */; };
		24719F3A28771BC700AA24D1 /* LaunchScreen.storyboard in Resources */ = {isa = PBXBuildFile; fileRef = 24719F3828771BC700AA24D1 /* LaunchScreen.storyboard */; };
		24F01B17287763C20060593A /* HomeTableViewHeader.swift in Sources */ = {isa = PBXBuildFile; fileRef = 24F01B16287763C20060593A /* HomeTableViewHeader.swift */; };
		24F01B19287766DF0060593A /* HomeTableViewHeader.xib in Resources */ = {isa = PBXBuildFile; fileRef = 24F01B18287766DF0060593A /* HomeTableViewHeader.xib */; };
/* End PBXBuildFile section */

/* Begin PBXFileReference section */
		24719F2A28771BC500AA24D1 /* AppViagens.app */ = {isa = PBXFileReference; explicitFileType = wrapper.application; includeInIndex = 0; path = AppViagens.app; sourceTree = BUILT_PRODUCTS_DIR; };
		24719F2D28771BC500AA24D1 /* AppDelegate.swift */ = {isa = PBXFileReference; lastKnownFileType = sourcecode.swift; path = AppDelegate.swift; sourceTree = "<group>"; };
		24719F2F28771BC500AA24D1 /* SceneDelegate.swift */ = {isa = PBXFileReference; lastKnownFileType = sourcecode.swift; path = SceneDelegate.swift; sourceTree = "<group>"; };
		24719F3128771BC500AA24D1 /* ViewController.swift */ = {isa = PBXFileReference; lastKnownFileType = sourcecode.swift; path = ViewController.swift; sourceTree = "<group>"; };
		24719F3428771BC500AA24D1 /* Base */ = {isa = PBXFileReference; lastKnownFileType = file.storyboard; name = Base; path = Base.lproj/Main.storyboard; sourceTree = "<group>"; };
		24719F3628771BC700AA24D1 /* Assets.xcassets */ = {isa = PBXFileReference; lastKnownFileType = folder.assetcatalog; path = Assets.xcassets; sourceTree = "<group>"; };
		24719F3928771BC700AA24D1 /* Base */ = {isa = PBXFileReference; lastKnownFileType = file.storyboard; name = Base; path = Base.lproj/LaunchScreen.storyboard; sourceTree = "<group>"; };
		24719F3B28771BC700AA24D1 /* Info.plist */ = {isa = PBXFileReference; lastKnownFileType = text.plist.xml; path = Info.plist; sourceTree = "<group>"; };
		24F01B16287763C20060593A /* HomeTableViewHeader.swift */ = {isa = PBXFileReference; lastKnownFileType = sourcecode.swift; path = HomeTableViewHeader.swift; sourceTree = "<group>"; };
		24F01B18287766DF0060593A /* HomeTableViewHeader.xib */ = {isa = PBXFileReference; lastKnownFileType = file.xib; path = HomeTableViewHeader.xib; sourceTree = "<group>"; };
/* End PBXFileReference section */

/* Begin PBXFrameworksBuildPhase section */
		24719F2728771BC500AA24D1 /* Frameworks */ = {
			isa = PBXFrameworksBuildPhase;
			buildActionMask = 2147483647;
			files = (
			);
			runOnlyForDeploymentPostprocessing = 0;
		};
/* End PBXFrameworksBuildPhase section */

/* Begin PBXGroup section */
		24719F2128771BC500AA24D1 = {
			isa = PBXGroup;
			children = (
				24719F2C28771BC500AA24D1 /* AppViagens */,
				24719F2B28771BC500AA24D1 /* Products */,
			);
			sourceTree = "<group>";
		};
		24719F2B28771BC500AA24D1 /* Products */ = {
			isa = PBXGroup;
			children = (
				24719F2A28771BC500AA24D1 /* AppViagens.app */,
			);
			name = Products;
			sourceTree = "<group>";
		};
		24719F2C28771BC500AA24D1 /* AppViagens */ = {
			isa = PBXGroup;
			children = (
				2476080C28788DE2002FC46A /* AppDelegate */,
				2476080D28788DF2002FC46A /* Model */,
				2476080E28788E0A002FC46A /* Views */,
				2476081028788E4A002FC46A /* ViewModel */,
				24719F3628771BC700AA24D1 /* Assets.xcassets */,
				24719F3828771BC700AA24D1 /* LaunchScreen.storyboard */,
				24719F3B28771BC700AA24D1 /* Info.plist */,
			);
			path = AppViagens;
			sourceTree = "<group>";
		};
		2476080C28788DE2002FC46A /* AppDelegate */ = {
			isa = PBXGroup;
			children = (
				24719F2D28771BC500AA24D1 /* AppDelegate.swift */,
				24719F2F28771BC500AA24D1 /* SceneDelegate.swift */,
			);
			path = AppDelegate;
			sourceTree = "<group>";
		};
		2476080D28788DF2002FC46A /* Model */ = {
			isa = PBXGroup;
			children = (
			);
			path = Model;
			sourceTree = "<group>";
		};
		2476080E28788E0A002FC46A /* Views */ = {
			isa = PBXGroup;
			children = (
				2476080F28788E2C002FC46A /* Header */,
				24719F3128771BC500AA24D1 /* ViewController.swift */,
				24719F3328771BC500AA24D1 /* Main.storyboard */,
			);
			path = Views;
			sourceTree = "<group>";
		};
		2476080F28788E2C002FC46A /* Header */ = {
			isa = PBXGroup;
			children = (
				24F01B16287763C20060593A /* HomeTableViewHeader.swift */,
				24F01B18287766DF0060593A /* HomeTableViewHeader.xib */,
			);
			path = Header;
			sourceTree = "<group>";
		};
		2476081028788E4A002FC46A /* ViewModel */ = {
			isa = PBXGroup;
			children = (
			);
			path = ViewModel;
			sourceTree = "<group>";
		};
/* End PBXGroup section */

/* Begin PBXNativeTarget section */
		24719F2928771BC500AA24D1 /* AppViagens */ = {
			isa = PBXNativeTarget;
			buildConfigurationList = 24719F3E28771BC700AA24D1 /* Build configuration list for PBXNativeTarget "AppViagens" */;
			buildPhases = (
				24719F2628771BC500AA24D1 /* Sources */,
				24719F2728771BC500AA24D1 /* Frameworks */,
				24719F2828771BC500AA24D1 /* Resources */,
			);
			buildRules = (
			);
			dependencies = (
			);
			name = AppViagens;
			productName = AppViagens;
			productReference = 24719F2A28771BC500AA24D1 /* AppViagens.app */;
			productType = "com.apple.product-type.application";
		};
/* End PBXNativeTarget section */

/* Begin PBXProject section */
		24719F2228771BC500AA24D1 /* Project object */ = {
			isa = PBXProject;
			attributes = {
				BuildIndependentTargetsInParallel = 1;
				LastSwiftUpdateCheck = 1400;
				LastUpgradeCheck = 1400;
				TargetAttributes = {
					24719F2928771BC500AA24D1 = {
						CreatedOnToolsVersion = 14.0;
					};
				};
			};
			buildConfigurationList = 24719F2528771BC500AA24D1 /* Build configuration list for PBXProject "AppViagens" */;
			compatibilityVersion = "Xcode 14.0";
			developmentRegion = en;
			hasScannedForEncodings = 0;
			knownRegions = (
				en,
				Base,
			);
			mainGroup = 24719F2128771BC500AA24D1;
			productRefGroup = 24719F2B28771BC500AA24D1 /* Products */;
			projectDirPath = "";
			projectRoot = "";
			targets = (
				24719F2928771BC500AA24D1 /* AppViagens */,
			);
		};
/* End PBXProject section */

/* Begin PBXResourcesBuildPhase section */
		24719F2828771BC500AA24D1 /* Resources */ = {
			isa = PBXResourcesBuildPhase;
			buildActionMask = 2147483647;
			files = (
				24719F3A28771BC700AA24D1 /* LaunchScreen.storyboard in Resources */,
				24F01B19287766DF0060593A /* HomeTableViewHeader.xib in Resources */,
				24719F3728771BC700AA24D1 /* Assets.xcassets in Resources */,
				24719F3528771BC500AA24D1 /* Main.storyboard in Resources */,
			);
			runOnlyForDeploymentPostprocessing = 0;
		};
/* End PBXResourcesBuildPhase section */

/* Begin PBXSourcesBuildPhase section */
		24719F2628771BC500AA24D1 /* Sources */ = {
			isa = PBXSourcesBuildPhase;
			buildActionMask = 2147483647;
			files = (
				24719F3228771BC500AA24D1 /* ViewController.swift in Sources */,
				24F01B17287763C20060593A /* HomeTableViewHeader.swift in Sources */,
				24719F2E28771BC500AA24D1 /* AppDelegate.swift in Sources */,
				24719F3028771BC500AA24D1 /* SceneDelegate.swift in Sources */,
			);
			runOnlyForDeploymentPostprocessing = 0;
		};
/* End PBXSourcesBuildPhase section */

/* Begin PBXVariantGroup section */
		24719F3328771BC500AA24D1 /* Main.storyboard */ = {
			isa = PBXVariantGroup;
			children = (
				24719F3428771BC500AA24D1 /* Base */,
			);
			name = Main.storyboard;
			sourceTree = "<group>";
		};
		24719F3828771BC700AA24D1 /* LaunchScreen.storyboard */ = {
			isa = PBXVariantGroup;
			children = (
				24719F3928771BC700AA24D1 /* Base */,
			);
			name = LaunchScreen.storyboard;
			sourceTree = "<group>";
		};
/* End PBXVariantGroup section */

/* Begin XCBuildConfiguration section */
		24719F3C28771BC700AA24D1 /* Debug */ = {
			isa = XCBuildConfiguration;
			buildSettings = {
				ALWAYS_SEARCH_USER_PATHS = NO;
				CLANG_ANALYZER_NONNULL = YES;
				CLANG_ANALYZER_NUMBER_OBJECT_CONVERSION = YES_AGGRESSIVE;
				CLANG_CXX_LANGUAGE_STANDARD = "gnu++17";
				CLANG_ENABLE_MODULES = YES;
				CLANG_ENABLE_OBJC_ARC = YES;
				CLANG_ENABLE_OBJC_WEAK = YES;
				CLANG_WARN_BLOCK_CAPTURE_AUTORELEASING = YES;
				CLANG_WARN_BOOL_CONVERSION = YES;
				CLANG_WARN_COMMA = YES;
				CLANG_WARN_CONSTANT_CONVERSION = YES;
				CLANG_WARN_DEPRECATED_OBJC_IMPLEMENTATIONS = YES;
				CLANG_WARN_DIRECT_OBJC_ISA_USAGE = YES_ERROR;
				CLANG_WARN_DOCUMENTATION_COMMENTS = YES;
				CLANG_WARN_EMPTY_BODY = YES;
				CLANG_WARN_ENUM_CONVERSION = YES;
				CLANG_WARN_INFINITE_RECURSION = YES;
				CLANG_WARN_INT_CONVERSION = YES;
				CLANG_WARN_NON_LITERAL_NULL_CONVERSION = YES;
				CLANG_WARN_OBJC_IMPLICIT_RETAIN_SELF = YES;
				CLANG_WARN_OBJC_LITERAL_CONVERSION = YES;
				CLANG_WARN_OBJC_ROOT_CLASS = YES_ERROR;
				CLANG_WARN_QUOTED_INCLUDE_IN_FRAMEWORK_HEADER = YES;
				CLANG_WARN_RANGE_LOOP_ANALYSIS = YES;
				CLANG_WARN_STRICT_PROTOTYPES = YES;
				CLANG_WARN_SUSPICIOUS_MOVE = YES;
				CLANG_WARN_UNGUARDED_AVAILABILITY = YES_AGGRESSIVE;
				CLANG_WARN_UNREACHABLE_CODE = YES;
				CLANG_WARN__DUPLICATE_METHOD_MATCH = YES;
				COPY_PHASE_STRIP = NO;
				DEBUG_INFORMATION_FORMAT = dwarf;
				ENABLE_STRICT_OBJC_MSGSEND = YES;
				ENABLE_TESTABILITY = YES;
				GCC_C_LANGUAGE_STANDARD = gnu11;
				GCC_DYNAMIC_NO_PIC = NO;
				GCC_NO_COMMON_BLOCKS = YES;
				GCC_OPTIMIZATION_LEVEL = 0;
				GCC_PREPROCESSOR_DEFINITIONS = (
					"DEBUG=1",
					"$(inherited)",
				);
				GCC_WARN_64_TO_32_BIT_CONVERSION = YES;
				GCC_WARN_ABOUT_RETURN_TYPE = YES_ERROR;
				GCC_WARN_UNDECLARED_SELECTOR = YES;
				GCC_WARN_UNINITIALIZED_AUTOS = YES_AGGRESSIVE;
				GCC_WARN_UNUSED_FUNCTION = YES;
				GCC_WARN_UNUSED_VARIABLE = YES;
				IPHONEOS_DEPLOYMENT_TARGET = 16.0;
				MTL_ENABLE_DEBUG_INFO = INCLUDE_SOURCE;
				MTL_FAST_MATH = YES;
				ONLY_ACTIVE_ARCH = YES;
				SDKROOT = iphoneos;
				SWIFT_ACTIVE_COMPILATION_CONDITIONS = DEBUG;
				SWIFT_OPTIMIZATION_LEVEL = "-Onone";
			};
			name = Debug;
		};
		24719F3D28771BC700AA24D1 /* Release */ = {
			isa = XCBuildConfiguration;
			buildSettings = {
				ALWAYS_SEARCH_USER_PATHS = NO;
				CLANG_ANALYZER_NONNULL = YES;
				CLANG_ANALYZER_NUMBER_OBJECT_CONVERSION = YES_AGGRESSIVE;
				CLANG_CXX_LANGUAGE_STANDARD = "gnu++17";
				CLANG_ENABLE_MODULES = YES;
				CLANG_ENABLE_OBJC_ARC = YES;
				CLANG_ENABLE_OBJC_WEAK = YES;
				CLANG_WARN_BLOCK_CAPTURE_AUTORELEASING = YES;
				CLANG_WARN_BOOL_CONVERSION = YES;
				CLANG_WARN_COMMA = YES;
				CLANG_WARN_CONSTANT_CONVERSION = YES;
				CLANG_WARN_DEPRECATED_OBJC_IMPLEMENTATIONS = YES;
				CLANG_WARN_DIRECT_OBJC_ISA_USAGE = YES_ERROR;
				CLANG_WARN_DOCUMENTATION_COMMENTS = YES;
				CLANG_WARN_EMPTY_BODY = YES;
				CLANG_WARN_ENUM_CONVERSION = YES;
				CLANG_WARN_INFINITE_RECURSION = YES;
				CLANG_WARN_INT_CONVERSION = YES;
				CLANG_WARN_NON_LITERAL_NULL_CONVERSION = YES;
				CLANG_WARN_OBJC_IMPLICIT_RETAIN_SELF = YES;
				CLANG_WARN_OBJC_LITERAL_CONVERSION = YES;
				CLANG_WARN_OBJC_ROOT_CLASS = YES_ERROR;
				CLANG_WARN_QUOTED_INCLUDE_IN_FRAMEWORK_HEADER = YES;
				CLANG_WARN_RANGE_LOOP_ANALYSIS = YES;
				CLANG_WARN_STRICT_PROTOTYPES = YES;
				CLANG_WARN_SUSPICIOUS_MOVE = YES;
				CLANG_WARN_UNGUARDED_AVAILABILITY = YES_AGGRESSIVE;
				CLANG_WARN_UNREACHABLE_CODE = YES;
				CLANG_WARN__DUPLICATE_METHOD_MATCH = YES;
				COPY_PHASE_STRIP = NO;
				DEBUG_INFORMATION_FORMAT = "dwarf-with-dsym";
				ENABLE_NS_ASSERTIONS = NO;
				ENABLE_STRICT_OBJC_MSGSEND = YES;
				GCC_C_LANGUAGE_STANDARD = gnu11;
				GCC_NO_COMMON_BLOCKS = YES;
				GCC_WARN_64_TO_32_BIT_CONVERSION = YES;
				GCC_WARN_ABOUT_RETURN_TYPE = YES_ERROR;
				GCC_WARN_UNDECLARED_SELECTOR = YES;
				GCC_WARN_UNINITIALIZED_AUTOS = YES_AGGRESSIVE;
				GCC_WARN_UNUSED_FUNCTION = YES;
				GCC_WARN_UNUSED_VARIABLE = YES;
				IPHONEOS_DEPLOYMENT_TARGET = 16.0;
				MTL_ENABLE_DEBUG_INFO = NO;
				MTL_FAST_MATH = YES;
				SDKROOT = iphoneos;
				SWIFT_COMPILATION_MODE = wholemodule;
				SWIFT_OPTIMIZATION_LEVEL = "-O";
				VALIDATE_PRODUCT = YES;
			};
			name = Release;
		};
		24719F3F28771BC700AA24D1 /* Debug */ = {
			isa = XCBuildConfiguration;
			buildSettings = {
				ASSETCATALOG_COMPILER_APPICON_NAME = AppIcon;
				ASSETCATALOG_COMPILER_GLOBAL_ACCENT_COLOR_NAME = AccentColor;
				CODE_SIGN_STYLE = Automatic;
				CURRENT_PROJECT_VERSION = 1;
				DEVELOPMENT_TEAM = QHYXKN7A33;
				GENERATE_INFOPLIST_FILE = YES;
				INFOPLIST_FILE = AppViagens/Info.plist;
				INFOPLIST_KEY_UIApplicationSupportsIndirectInputEvents = YES;
				INFOPLIST_KEY_UILaunchStoryboardName = LaunchScreen;
				INFOPLIST_KEY_UIMainStoryboardFile = Main;
				INFOPLIST_KEY_UISupportedInterfaceOrientations_iPad = "UIInterfaceOrientationPortrait UIInterfaceOrientationPortraitUpsideDown UIInterfaceOrientationLandscapeLeft UIInterfaceOrientationLandscapeRight";
				INFOPLIST_KEY_UISupportedInterfaceOrientations_iPhone = "UIInterfaceOrientationPortrait UIInterfaceOrientationLandscapeLeft UIInterfaceOrientationLandscapeRight";
				LD_RUNPATH_SEARCH_PATHS = (
					"$(inherited)",
					"@executable_path/Frameworks",
				);
				MARKETING_VERSION = 1.0;
				PRODUCT_BUNDLE_IDENTIFIER = br.felippe.AppViagens;
				PRODUCT_NAME = "$(TARGET_NAME)";
				SWIFT_EMIT_LOC_STRINGS = YES;
				SWIFT_VERSION = 5.0;
				TARGETED_DEVICE_FAMILY = "1,2";
			};
			name = Debug;
		};
		24719F4028771BC700AA24D1 /* Release */ = {
			isa = XCBuildConfiguration;
			buildSettings = {
				ASSETCATALOG_COMPILER_APPICON_NAME = AppIcon;
				ASSETCATALOG_COMPILER_GLOBAL_ACCENT_COLOR_NAME = AccentColor;
				CODE_SIGN_STYLE = Automatic;
				CURRENT_PROJECT_VERSION = 1;
				DEVELOPMENT_TEAM = QHYXKN7A33;
				GENERATE_INFOPLIST_FILE = YES;
				INFOPLIST_FILE = AppViagens/Info.plist;
				INFOPLIST_KEY_UIApplicationSupportsIndirectInputEvents = YES;
				INFOPLIST_KEY_UILaunchStoryboardName = LaunchScreen;
				INFOPLIST_KEY_UIMainStoryboardFile = Main;
				INFOPLIST_KEY_UISupportedInterfaceOrientations_iPad = "UIInterfaceOrientationPortrait UIInterfaceOrientationPortraitUpsideDown UIInterfaceOrientationLandscapeLeft UIInterfaceOrientationLandscapeRight";
				INFOPLIST_KEY_UISupportedInterfaceOrientations_iPhone = "UIInterfaceOrientationPortrait UIInterfaceOrientationLandscapeLeft UIInterfaceOrientationLandscapeRight";
				LD_RUNPATH_SEARCH_PATHS = (
					"$(inherited)",
					"@executable_path/Frameworks",
				);
				MARKETING_VERSION = 1.0;
				PRODUCT_BUNDLE_IDENTIFIER = br.felippe.AppViagens;
				PRODUCT_NAME = "$(TARGET_NAME)";
				SWIFT_EMIT_LOC_STRINGS = YES;
				SWIFT_VERSION = 5.0;
				TARGETED_DEVICE_FAMILY = "1,2";
			};
			name = Release;
		};
/* End XCBuildConfiguration section */

/* Begin XCConfigurationList section */
		24719F2528771BC500AA24D1 /* Build configuration list for PBXProject "AppViagens" */ = {
			isa = XCConfigurationList;
			buildConfigurations = (
				24719F3C28771BC700AA24D1 /* Debug */,
				24719F3D28771BC700AA24D1 /* Release */,
			);
			defaultConfigurationIsVisible = 0;
			defaultConfigurationName = Release;
		};
		24719F3E28771BC700AA24D1 /* Build configuration list for PBXNativeTarget "AppViagens" */ = {
			isa = XCConfigurationList;
			buildConfigurations = (
				24719F3F28771BC700AA24D1 /* Debug */,
				24719F4028771BC700AA24D1 /* Release */,
			);
			defaultConfigurationIsVisible = 0;
			defaultConfigurationName = Release;
		};
/* End XCConfigurationList section */
	};
	rootObject = 24719F2228771BC500AA24D1 /* Project object */;
}
